
Microsoft Visual Studio Solution File, Format Version 12.00
# Visual Studio Version 17
VisualStudioVersion = 17.12.35506.116 d17.12
MinimumVisualStudioVersion = 10.0.40219.1
Project("{FAE04EC0-301F-11D3-BF4B-00C04F79EFBC}") = "FlightTDD", "FlightTDD\FlightTDD.csproj", "{B670EDA7-6D1F-41C5-8277-58DE546B13EF}"
EndProject
Project("{FAE04EC0-301F-11D3-BF4B-00C04F79EFBC}") = "Domain.TestTDD", "Domain.TestTDD\Domain.TestTDD.csproj", "{82B30851-93C0-49F1-AFA6-4A66BB279EE5}"
EndProject
Project("{FAE04EC0-301F-11D3-BF4B-00C04F79EFBC}") = "Domain", "Domain\Domain.csproj", "{99D0FE3B-172B-4D9D-B050-9647CE2205E8}"
EndProject
Global
	GlobalSection(SolutionConfigurationPlatforms) = preSolution
		Debug|Any CPU = Debug|Any CPU
		Release|Any CPU = Release|Any CPU
	EndGlobalSection
	GlobalSection(ProjectConfigurationPlatforms) = postSolution
		{B670EDA7-6D1F-41C5-8277-58DE546B13EF}.Debug|Any CPU.ActiveCfg = Debug|Any CPU
		{B670EDA7-6D1F-41C5-8277-58DE546B13EF}.Debug|Any CPU.Build.0 = Debug|Any CPU
		{B670EDA7-6D1F-41C5-8277-58DE546B13EF}.Release|Any CPU.ActiveCfg = Release|Any CPU
		{B670EDA7-6D1F-41C5-8277-58DE546B13EF}.Release|Any CPU.Build.0 = Release|Any CPU
		{82B30851-93C0-49F1-AFA6-4A66BB279EE5}.Debug|Any CPU.ActiveCfg = Debug|Any CPU
		{82B30851-93C0-49F1-AFA6-4A66BB279EE5}.Debug|Any CPU.Build.0 = Debug|Any CPU
		{82B30851-93C0-49F1-AFA6-4A66BB279EE5}.Release|Any CPU.ActiveCfg = Release|Any CPU
		{82B30851-93C0-49F1-AFA6-4A66BB279EE5}.Release|Any CPU.Build.0 = Release|Any CPU
		{99D0FE3B-172B-4D9D-B050-9647CE2205E8}.Debug|Any CPU.ActiveCfg = Debug|Any CPU
		{99D0FE3B-172B-4D9D-B050-9647CE2205E8}.Debug|Any CPU.Build.0 = Debug|Any CPU
		{99D0FE3B-172B-4D9D-B050-9647CE2205E8}.Release|Any CPU.ActiveCfg = Release|Any CPU
		{99D0FE3B-172B-4D9D-B050-9647CE2205E8}.Release|Any CPU.Build.0 = Release|Any CPU
	EndGlobalSection
	GlobalSection(SolutionProperties) = preSolution
		HideSolutionNode = FALSE
	EndGlobalSection
EndGlobal
